
Microsoft Visual Studio Solution File, Format Version 12.00
# Visual Studio 2013
VisualStudioVersion = 12.0.21005.1
MinimumVisualStudioVersion = 10.0.40219.1
Project("{FAE04EC0-301F-11D3-BF4B-00C04F79EFBC}") = "Condor_HelloWorld", "Condor_HelloWorld\Condor_HelloWorld.csproj", "{61E23BA9-449F-4D05-A037-C38DD4385EDC}"
EndProject
Global
	GlobalSection(SolutionConfigurationPlatforms) = preSolution
		Debug|Any CPU = Debug|Any CPU
		Release|Any CPU = Release|Any CPU
	EndGlobalSection
	GlobalSection(ProjectConfigurationPlatforms) = postSolution
		{61E23BA9-449F-4D05-A037-C38DD4385EDC}.Debug|Any CPU.ActiveCfg = Debug|Any CPU
		{61E23BA9-449F-4D05-A037-C38DD4385EDC}.Debug|Any CPU.Build.0 = Debug|Any CPU
		{61E23BA9-449F-4D05-A037-C38DD4385EDC}.Release|Any CPU.ActiveCfg = Release|Any CPU
		{61E23BA9-449F-4D05-A037-C38DD4385EDC}.Release|Any CPU.Build.0 = Release|Any CPU
	EndGlobalSection
	GlobalSection(SolutionProperties) = preSolution
		HideSolutionNode = FALSE
	EndGlobalSection
EndGlobal
